<Solution>
  <Project Path="src/backend/Kafdeck.Api/Kafdeck.Api.csproj" />
  <Project Path="src/backend/Kafdeck.Core/Kafdeck.Core.csproj" />
  <Project Path="src/backend/Modules/Kafdeck.Modules.Clusters/Kafdeck.Modules.Clusters.csproj" />
  <Project Path="src/backend/Modules/Kafdeck.Modules.Topics/Kafdeck.Modules.Topics.csproj" />
  <Project Path="src/backend/Modules/Kafdeck.Modules.Records/Kafdeck.Modules.Records.csproj" />
  <Project Path="src/backend/Modules/Kafdeck.Modules.Consumers/Kafdeck.Modules.Consumers.csproj" />
  <Project Path="src/backend/Modules/Kafdeck.Modules.Schemas/Kafdeck.Modules.Schemas.csproj" />
  <Project Path="src/backend/Modules/Kafdeck.Modules.Connect/Kafdeck.Modules.Connect.csproj" />
  <Project Path="src/backend/Modules/Kafdeck.Modules.Purge/Kafdeck.Modules.Purge.csproj" />
  <Project Path="src/backend/Modules/Kafdeck.Modules.Administration/Kafdeck.Modules.Administration.csproj" />
  <Project Path="src/backend/Infrastructure/Kafdeck.Infrastructure.Kafka/Kafdeck.Infrastructure.Kafka.csproj" />
  <Project Path="src/backend/Infrastructure/Kafdeck.Infrastructure.Ecosystem/Kafdeck.Infrastructure.Ecosystem.csproj" />
  <Project Path="src/backend/Infrastructure/Kafdeck.Infrastructure.SchemaRegistry/Kafdeck.Infrastructure.SchemaRegistry.csproj" />
  <Project Path="src/backend/Infrastructure/Kafdeck.Infrastructure.Configuration/Kafdeck.Infrastructure.Configuration.csproj" />
  <Project Path="src/backend/Infrastructure/Kafdeck.Infrastructure.Security/Kafdeck.Infrastructure.Security.csproj" />
  <Project Path="src/backend/Infrastructure/Kafdeck.Infrastructure.Persistence/Kafdeck.Infrastructure.Persistence.csproj" />
  <Project Path="tests/Kafdeck.Architecture.Tests/Kafdeck.Architecture.Tests.csproj" />
</Solution>
